
Microsoft Visual Studio Solution File, Format Version 12.00
# Visual Studio Version 16
VisualStudioVersion = 16.0.31515.178
MinimumVisualStudioVersion = 10.0.40219.1
Project("{FAE04EC0-301F-11D3-BF4B-00C04F79EFBC}") = "WindowsFormsCalculadora", "WindowsFormsCalculadora\WindowsFormsCalculadora.csproj", "{DEA71A68-1C1D-4A12-B709-6A6F07BE2747}"
EndProject
Global
	GlobalSection(SolutionConfigurationPlatforms) = preSolution
		Debug|Any CPU = Debug|Any CPU
		Release|Any CPU = Release|Any CPU
	EndGlobalSection
	GlobalSection(ProjectConfigurationPlatforms) = postSolution
		{DEA71A68-1C1D-4A12-B709-6A6F07BE2747}.Debug|Any CPU.ActiveCfg = Debug|Any CPU
		{DEA71A68-1C1D-4A12-B709-6A6F07BE2747}.Debug|Any CPU.Build.0 = Debug|Any CPU
		{DEA71A68-1C1D-4A12-B709-6A6F07BE2747}.Release|Any CPU.ActiveCfg = Release|Any CPU
		{DEA71A68-1C1D-4A12-B709-6A6F07BE2747}.Release|Any CPU.Build.0 = Release|Any CPU
	EndGlobalSection
	GlobalSection(SolutionProperties) = preSolution
		HideSolutionNode = FALSE
	EndGlobalSection
	GlobalSection(ExtensibilityGlobals) = postSolution
		SolutionGuid = {B3BD56BD-A82D-4413-9118-AAED71DFECDB}
	EndGlobalSection
EndGlobal
